
Microsoft Visual Studio Solution File, Format Version 12.00
# Visual Studio Version 17
VisualStudioVersion = 17.14.36119.2
MinimumVisualStudioVersion = 10.0.40219.1
Project("{FAE04EC0-301F-11D3-BF4B-00C04F79EFBC}") = "HandHelUi", "HandHelUi\HandHelUi\HandHelUi.csproj", "{F4EF161B-431C-41BC-B62E-A62ED21372F1}"
EndProject
Project("{FAE04EC0-301F-11D3-BF4B-00C04F79EFBC}") = "HandHelUi.Shared", "HandHelUi\HandHelUi.Shared\HandHelUi.Shared.csproj", "{8629875D-0A15-483F-8E12-B8D07C2A8284}"
EndProject
Project("{FAE04EC0-301F-11D3-BF4B-00C04F79EFBC}") = "HandHelUi.Web", "HandHelUi\HandHelUi.Web\HandHelUi.Web.csproj", "{DC540B49-9176-4C1D-8AA6-E8F8E3FE5C79}"
EndProject
Global
	GlobalSection(SolutionConfigurationPlatforms) = preSolution
		Debug|Any CPU = Debug|Any CPU
		Release|Any CPU = Release|Any CPU
	EndGlobalSection
	GlobalSection(ProjectConfigurationPlatforms) = postSolution
		{F4EF161B-431C-41BC-B62E-A62ED21372F1}.Debug|Any CPU.ActiveCfg = Debug|Any CPU
		{F4EF161B-431C-41BC-B62E-A62ED21372F1}.Debug|Any CPU.Build.0 = Debug|Any CPU
		{F4EF161B-431C-41BC-B62E-A62ED21372F1}.Debug|Any CPU.Deploy.0 = Debug|Any CPU
		{F4EF161B-431C-41BC-B62E-A62ED21372F1}.Release|Any CPU.ActiveCfg = Release|Any CPU
		{F4EF161B-431C-41BC-B62E-A62ED21372F1}.Release|Any CPU.Build.0 = Release|Any CPU
		{8629875D-0A15-483F-8E12-B8D07C2A8284}.Debug|Any CPU.ActiveCfg = Debug|Any CPU
		{8629875D-0A15-483F-8E12-B8D07C2A8284}.Debug|Any CPU.Build.0 = Debug|Any CPU
		{8629875D-0A15-483F-8E12-B8D07C2A8284}.Release|Any CPU.ActiveCfg = Release|Any CPU
		{8629875D-0A15-483F-8E12-B8D07C2A8284}.Release|Any CPU.Build.0 = Release|Any CPU
		{DC540B49-9176-4C1D-8AA6-E8F8E3FE5C79}.Debug|Any CPU.ActiveCfg = Debug|Any CPU
		{DC540B49-9176-4C1D-8AA6-E8F8E3FE5C79}.Debug|Any CPU.Build.0 = Debug|Any CPU
		{DC540B49-9176-4C1D-8AA6-E8F8E3FE5C79}.Release|Any CPU.ActiveCfg = Release|Any CPU
		{DC540B49-9176-4C1D-8AA6-E8F8E3FE5C79}.Release|Any CPU.Build.0 = Release|Any CPU
	EndGlobalSection
	GlobalSection(SolutionProperties) = preSolution
		HideSolutionNode = FALSE
	EndGlobalSection
	GlobalSection(ExtensibilityGlobals) = postSolution
		SolutionGuid = {6C666524-8974-4191-B6AF-B998B5EFA95F}
	EndGlobalSection
EndGlobal
